// !$*UTF8*$!
{
	archiveVersion = 1;
	classes = {
	};
	objectVersion = 46;
	objects = {

/* Begin PBXBuildFile section */
		1AF3AC681D2A5945003289C2 /* main.m in Sources */ = {isa = PBXBuildFile; fileRef = 1AF3AC671D2A5945003289C2 /* main.m */; };
		1AF3AC6B1D2A5945003289C2 /* AppDelegate.m in Sources */ = {isa = PBXBuildFile; fileRef = 1AF3AC6A1D2A5945003289C2 /* AppDelegate.m */; };
		1AF3AC6E1D2A5945003289C2 /* ViewController.m in Sources */ = {isa = PBXBuildFile; fileRef = 1AF3AC6D1D2A5945003289C2 /* ViewController.m */; };
		1AF3AC711D2A5945003289C2 /* Main.storyboard in Resources */ = {isa = PBXBuildFile; fileRef = 1AF3AC6F1D2A5945003289C2 /* Main.storyboard */; };
		1AF3AC731D2A5945003289C2 /* Assets.xcassets in Resources */ = {isa = PBXBuildFile; fileRef = 1AF3AC721D2A5945003289C2 /* Assets.xcassets */; };
		1AF3AC761D2A5945003289C2 /* LaunchScreen.storyboard in Resources */ = {isa = PBXBuildFile; fileRef = 1AF3AC741D2A5945003289C2 /* LaunchScreen.storyboard */; };
		1AF3AC811D2A5945003289C2 /* QiuWeiProjectTests.m in Sources */ = {isa = PBXBuildFile; fileRef = 1AF3AC801D2A5945003289C2 /* QiuWeiProjectTests.m */; };
		1AF3AC8C1D2A5945003289C2 /* QiuWeiProjectUITests.m in Sources */ = {isa = PBXBuildFile; fileRef = 1AF3AC8B1D2A5945003289C2 /* QiuWeiProjectUITests.m */; };
/* End PBXBuildFile section */

/* Begin PBXContainerItemProxy section */
		1AF3AC7D1D2A5945003289C2 /* PBXContainerItemProxy */ = {
			isa = PBXContainerItemProxy;
			containerPortal = 1AF3AC5B1D2A5945003289C2 /* Project object */;
			proxyType = 1;
			remoteGlobalIDString = 1AF3AC621D2A5945003289C2;
			remoteInfo = QiuWeiProject;
		};
		1AF3AC881D2A5945003289C2 /* PBXContainerItemProxy */ = {
			isa = PBXContainerItemProxy;
			containerPortal = 1AF3AC5B1D2A5945003289C2 /* Project object */;
			proxyType = 1;
			remoteGlobalIDString = 1AF3AC621D2A5945003289C2;
			remoteInfo = QiuWeiProject;
		};
/* End PBXContainerItemProxy section */

/* Begin PBXFileReference section */
		1AF3AC631D2A5945003289C2 /* QiuWeiProject.app */ = {isa = PBXFileReference; explicitFileType = wrapper.application; includeInIndex = 0; path = QiuWeiProject.app; sourceTree = BUILT_PRODUCTS_DIR; };
		1AF3AC671D2A5945003289C2 /* main.m */ = {isa = PBXFileReference; lastKnownFileType = sourcecode.c.objc; path = main.m; sourceTree = "<group>"; };
		1AF3AC691D2A5945003289C2 /* AppDelegate.h */ = {isa = PBXFileReference; lastKnownFileType = sourcecode.c.h; path = AppDelegate.h; sourceTree = "<group>"; };
		1AF3AC6A1D2A5945003289C2 /* AppDelegate.m */ = {isa = PBXFileReference; lastKnownFileType = sourcecode.c.objc; path = AppDelegate.m; sourceTree = "<group>"; };
		1AF3AC6C1D2A5945003289C2 /* ViewController.h */ = {isa = PBXFileReference; lastKnownFileType = sourcecode.c.h; path = ViewController.h; sourceTree = "<group>"; };
		1AF3AC6D1D2A5945003289C2 /* ViewController.m */ = {isa = PBXFileReference; lastKnownFileType = sourcecode.c.objc; path = ViewController.m; sourceTree = "<group>"; };
		1AF3AC701D2A5945003289C2 /* Base */ = {isa = PBXFileReference; lastKnownFileType = file.storyboard; name = Base; path = Base.lproj/Main.storyboard; sourceTree = "<group>"; };
		1AF3AC721D2A5945003289C2 /* Assets.xcassets */ = {isa = PBXFileReference; lastKnownFileType = folder.assetcatalog; path = Assets.xcassets; sourceTree = "<group>"; };
		1AF3AC751D2A5945003289C2 /* Base */ = {isa = PBXFileReference; lastKnownFileType = file.storyboard; name = Base; path = Base.lproj/LaunchScreen.storyboard; sourceTree = "<group>"; };
		1AF3AC771D2A5945003289C2 /* Info.plist */ = {isa = PBXFileReference; lastKnownFileType = text.plist.xml; path = Info.plist; sourceTree = "<group>"; };
		1AF3AC7C1D2A5945003289C2 /* QiuWeiProjectTests.xctest */ = {isa = PBXFileReference; explicitFileType = wrapper.cfbundle; includeInIndex = 0; path = QiuWeiProjectTests.xctest; sourceTree = BUILT_PRODUCTS_DIR; };
		1AF3AC801D2A5945003289C2 /* QiuWeiProjectTests.m */ = {isa = PBXFileReference; lastKnownFileType = sourcecode.c.objc; path = QiuWeiProjectTests.m; sourceTree = "<group>"; };
		1AF3AC821D2A5945003289C2 /* Info.plist */ = {isa = PBXFileReference; lastKnownFileType = text.plist.xml; path = Info.plist; sourceTree = "<group>"; };
		1AF3AC871D2A5945003289C2 /* QiuWeiProjectUITests.xctest */ = {isa = PBXFileReference; explicitFileType = wrapper.cfbundle; includeInIndex = 0; path = QiuWeiProjectUITests.xctest; sourceTree = BUILT_PRODUCTS_DIR; };
		1AF3AC8B1D2A5945003289C2 /* QiuWeiProjectUITests.m */ = {isa = PBXFileReference; lastKnownFileType = sourcecode.c.objc; path = QiuWeiProjectUITests.m; sourceTree = "<group>"; };
		1AF3AC8D1D2A5945003289C2 /* Info.plist */ = {isa = PBXFileReference; lastKnownFileType = text.plist.xml; path = Info.plist; sourceTree = "<group>"; };
/* End PBXFileReference section */

/* Begin PBXFrameworksBuildPhase section */
		1AF3AC601D2A5945003289C2 /* Frameworks */ = {
			isa = PBXFrameworksBuildPhase;
			buildActionMask = 2147483647;
			files = (
			);
			runOnlyForDeploymentPostprocessing = 0;
		};
		1AF3AC791D2A5945003289C2 /* Frameworks */ = {
			isa = PBXFrameworksBuildPhase;
			buildActionMask = 2147483647;
			files = (
			);
			runOnlyForDeploymentPostprocessing = 0;
		};
		1AF3AC841D2A5945003289C2 /* Frameworks */ = {
			isa = PBXFrameworksBuildPhase;
			buildActionMask = 2147483647;
			files = (
			);
			runOnlyForDeploymentPostprocessing = 0;
		};
/* End PBXFrameworksBuildPhase section */

/* Begin PBXGroup section */
		1AF3AC5A1D2A5945003289C2 = {
			isa = PBXGroup;
			children = (
				1AF3AC651D2A5945003289C2 /* QiuWeiProject */,
				1AF3AC7F1D2A5945003289C2 /* QiuWeiProjectTests */,
				1AF3AC8A1D2A5945003289C2 /* QiuWeiProjectUITests */,
				1AF3AC641D2A5945003289C2 /* Products */,
			);
			sourceTree = "<group>";
		};
		1AF3AC641D2A5945003289C2 /* Products */ = {
			isa = PBXGroup;
			children = (
				1AF3AC631D2A5945003289C2 /* QiuWeiProject.app */,
				1AF3AC7C1D2A5945003289C2 /* QiuWeiProjectTests.xctest */,
				1AF3AC871D2A5945003289C2 /* QiuWeiProjectUITests.xctest */,
			);
			name = Products;
			sourceTree = "<group>";
		};
		1AF3AC651D2A5945003289C2 /* QiuWeiProject */ = {
			isa = PBXGroup;
			children = (
				1AF3AC691D2A5945003289C2 /* AppDelegate.h */,
				1AF3AC6A1D2A5945003289C2 /* AppDelegate.m */,
				1AF3AC6C1D2A5945003289C2 /* ViewController.h */,
				1AF3AC6D1D2A5945003289C2 /* ViewController.m */,
				1AF3AC6F1D2A5945003289C2 /* Main.storyboard */,
				1AF3AC721D2A5945003289C2 /* Assets.xcassets */,
				1AF3AC741D2A5945003289C2 /* LaunchScreen.storyboard */,
				1AF3AC771D2A5945003289C2 /* Info.plist */,
				1AF3AC661D2A5945003289C2 /* Supporting Files */,
			);
			path = QiuWeiProject;
			sourceTree = "<group>";
		};
		1AF3AC661D2A5945003289C2 /* Supporting Files */ = {
			isa = PBXGroup;
			children = (
				1AF3AC671D2A5945003289C2 /* main.m */,
			);
			name = "Supporting Files";
			sourceTree = "<group>";
		};
		1AF3AC7F1D2A5945003289C2 /* QiuWeiProjectTests */ = {
			isa = PBXGroup;
			children = (
				1AF3AC801D2A5945003289C2 /* QiuWeiProjectTests.m */,
				1AF3AC821D2A5945003289C2 /* Info.plist */,
			);
			path = QiuWeiProjectTests;
			sourceTree = "<group>";
		};
		1AF3AC8A1D2A5945003289C2 /* QiuWeiProjectUITests */ = {
			isa = PBXGroup;
			children = (
				1AF3AC8B1D2A5945003289C2 /* QiuWeiProjectUITests.m */,
				1AF3AC8D1D2A5945003289C2 /* Info.plist */,
			);
			path = QiuWeiProjectUITests;
			sourceTree = "<group>";
		};
/* End PBXGroup section */

/* Begin PBXNativeTarget section */
		1AF3AC621D2A5945003289C2 /* QiuWeiProject */ = {
			isa = PBXNativeTarget;
			buildConfigurationList = 1AF3AC901D2A5945003289C2 /* Build configuration list for PBXNativeTarget "QiuWeiProject" */;
			buildPhases = (
				1AF3AC5F1D2A5945003289C2 /* Sources */,
				1AF3AC601D2A5945003289C2 /* Frameworks */,
				1AF3AC611D2A5945003289C2 /* Resources */,
			);
			buildRules = (
			);
			dependencies = (
			);
			name = QiuWeiProject;
			productName = QiuWeiProject;
			productReference = 1AF3AC631D2A5945003289C2 /* QiuWeiProject.app */;
			productType = "com.apple.product-type.application";
		};
		1AF3AC7B1D2A5945003289C2 /* QiuWeiProjectTests */ = {
			isa = PBXNativeTarget;
			buildConfigurationList = 1AF3AC931D2A5945003289C2 /* Build configuration list for PBXNativeTarget "QiuWeiProjectTests" */;
			buildPhases = (
				1AF3AC781D2A5945003289C2 /* Sources */,
				1AF3AC791D2A5945003289C2 /* Frameworks */,
				1AF3AC7A1D2A5945003289C2 /* Resources */,
			);
			buildRules = (
			);
			dependencies = (
				1AF3AC7E1D2A5945003289C2 /* PBXTargetDependency */,
			);
			name = QiuWeiProjectTests;
			productName = QiuWeiProjectTests;
			productReference = 1AF3AC7C1D2A5945003289C2 /* QiuWeiProjectTests.xctest */;
			productType = "com.apple.product-type.bundle.unit-test";
		};
		1AF3AC861D2A5945003289C2 /* QiuWeiProjectUITests */ = {
			isa = PBXNativeTarget;
			buildConfigurationList = 1AF3AC961D2A5945003289C2 /* Build configuration list for PBXNativeTarget "QiuWeiProjectUITests" */;
			buildPhases = (
				1AF3AC831D2A5945003289C2 /* Sources */,
				1AF3AC841D2A5945003289C2 /* Frameworks */,
				1AF3AC851D2A5945003289C2 /* Resources */,
			);
			buildRules = (
			);
			dependencies = (
				1AF3AC891D2A5945003289C2 /* PBXTargetDependency */,
			);
			name = QiuWeiProjectUITests;
			productName = QiuWeiProjectUITests;
			productReference = 1AF3AC871D2A5945003289C2 /* QiuWeiProjectUITests.xctest */;
			productType = "com.apple.product-type.bundle.ui-testing";
		};
/* End PBXNativeTarget section */

/* Begin PBXProject section */
		1AF3AC5B1D2A5945003289C2 /* Project object */ = {
			isa = PBXProject;
			attributes = {
				LastUpgradeCheck = 0720;
				ORGANIZATIONNAME = QiuWei;
				TargetAttributes = {
					1AF3AC621D2A5945003289C2 = {
						CreatedOnToolsVersion = 7.2;
					};
					1AF3AC7B1D2A5945003289C2 = {
						CreatedOnToolsVersion = 7.2;
						TestTargetID = 1AF3AC621D2A5945003289C2;
					};
					1AF3AC861D2A5945003289C2 = {
						CreatedOnToolsVersion = 7.2;
						TestTargetID = 1AF3AC621D2A5945003289C2;
					};
				};
			};
			buildConfigurationList = 1AF3AC5E1D2A5945003289C2 /* Build configuration list for PBXProject "QiuWeiProject" */;
			compatibilityVersion = "Xcode 3.2";
			developmentRegion = English;
			hasScannedForEncodings = 0;
			knownRegions = (
				en,
				Base,
			);
			mainGroup = 1AF3AC5A1D2A5945003289C2;
			productRefGroup = 1AF3AC641D2A5945003289C2 /* Products */;
			projectDirPath = "";
			projectRoot = "";
			targets = (
				1AF3AC621D2A5945003289C2 /* QiuWeiProject */,
				1AF3AC7B1D2A5945003289C2 /* QiuWeiProjectTests */,
				1AF3AC861D2A5945003289C2 /* QiuWeiProjectUITests */,
			);
		};
/* End PBXProject section */

/* Begin PBXResourcesBuildPhase section */
		1AF3AC611D2A5945003289C2 /* Resources */ = {
			isa = PBXResourcesBuildPhase;
			buildActionMask = 2147483647;
			files = (
				1AF3AC761D2A5945003289C2 /* LaunchScreen.storyboard in Resources */,
				1AF3AC731D2A5945003289C2 /* Assets.xcassets in Resources */,
				1AF3AC711D2A5945003289C2 /* Main.storyboard in Resources */,
			);
			runOnlyForDeploymentPostprocessing = 0;
		};
		1AF3AC7A1D2A5945003289C2 /* Resources */ = {
			isa = PBXResourcesBuildPhase;
			buildActionMask = 2147483647;
			files = (
			);
			runOnlyForDeploymentPostprocessing = 0;
		};
		1AF3AC851D2A5945003289C2 /* Resources */ = {
			isa = PBXResourcesBuildPhase;
			buildActionMask = 2147483647;
			files = (
			);
			runOnlyForDeploymentPostprocessing = 0;
		};
/* End PBXResourcesBuildPhase section */

/* Begin PBXSourcesBuildPhase section */
		1AF3AC5F1D2A5945003289C2 /* Sources */ = {
			isa = PBXSourcesBuildPhase;
			buildActionMask = 2147483647;
			files = (
				1AF3AC6E1D2A5945003289C2 /* ViewController.m in Sources */,
				1AF3AC6B1D2A5945003289C2 /* AppDelegate.m in Sources */,
				1AF3AC681D2A5945003289C2 /* main.m in Sources */,
			);
			runOnlyForDeploymentPostprocessing = 0;
		};
		1AF3AC781D2A5945003289C2 /* Sources */ = {
			isa = PBXSourcesBuildPhase;
			buildActionMask = 2147483647;
			files = (
				1AF3AC811D2A5945003289C2 /* QiuWeiProjectTests.m in Sources */,
			);
			runOnlyForDeploymentPostprocessing = 0;
		};
		1AF3AC831D2A5945003289C2 /* Sources */ = {
			isa = PBXSourcesBuildPhase;
			buildActionMask = 2147483647;
			files = (
				1AF3AC8C1D2A5945003289C2 /* QiuWeiProjectUITests.m in Sources */,
			);
			runOnlyForDeploymentPostprocessing = 0;
		};
/* End PBXSourcesBuildPhase section */

/* Begin PBXTargetDependency section */
		1AF3AC7E1D2A5945003289C2 /* PBXTargetDependency */ = {
			isa = PBXTargetDependency;
			target = 1AF3AC621D2A5945003289C2 /* QiuWeiProject */;
			targetProxy = 1AF3AC7D1D2A5945003289C2 /* PBXContainerItemProxy */;
		};
		1AF3AC891D2A5945003289C2 /* PBXTargetDependency */ = {
			isa = PBXTargetDependency;
			target = 1AF3AC621D2A5945003289C2 /* QiuWeiProject */;
			targetProxy = 1AF3AC881D2A5945003289C2 /* PBXContainerItemProxy */;
		};
/* End PBXTargetDependency section */

/* Begin PBXVariantGroup section */
		1AF3AC6F1D2A5945003289C2 /* Main.storyboard */ = {
			isa = PBXVariantGroup;
			children = (
				1AF3AC701D2A5945003289C2 /* Base */,
			);
			name = Main.storyboard;
			sourceTree = "<group>";
		};
		1AF3AC741D2A5945003289C2 /* LaunchScreen.storyboard */ = {
			isa = PBXVariantGroup;
			children = (
				1AF3AC751D2A5945003289C2 /* Base */,
			);
			name = LaunchScreen.storyboard;
			sourceTree = "<group>";
		};
/* End PBXVariantGroup section */

/* Begin XCBuildConfiguration section */
		1AF3AC8E1D2A5945003289C2 /* Debug */ = {
			isa = XCBuildConfiguration;
			buildSettings = {
				ALWAYS_SEARCH_USER_PATHS = NO;
				CLANG_CXX_LANGUAGE_STANDARD = "gnu++0x";
				CLANG_CXX_LIBRARY = "libc++";
				CLANG_ENABLE_MODULES = YES;
				CLANG_ENABLE_OBJC_ARC = YES;
				CLANG_WARN_BOOL_CONVERSION = YES;
				CLANG_WARN_CONSTANT_CONVERSION = YES;
				CLANG_WARN_DIRECT_OBJC_ISA_USAGE = YES_ERROR;
				CLANG_WARN_EMPTY_BODY = YES;
				CLANG_WARN_ENUM_CONVERSION = YES;
				CLANG_WARN_INT_CONVERSION = YES;
				CLANG_WARN_OBJC_ROOT_CLASS = YES_ERROR;
				CLANG_WARN_UNREACHABLE_CODE = YES;
				CLANG_WARN__DUPLICATE_METHOD_MATCH = YES;
				"CODE_SIGN_IDENTITY[sdk=iphoneos*]" = "iPhone Developer";
				COPY_PHASE_STRIP = NO;
				DEBUG_INFORMATION_FORMAT = dwarf;
				ENABLE_STRICT_OBJC_MSGSEND = YES;
				ENABLE_TESTABILITY = YES;
				GCC_C_LANGUAGE_STANDARD = gnu99;
				GCC_DYNAMIC_NO_PIC = NO;
				GCC_NO_COMMON_BLOCKS = YES;
				GCC_OPTIMIZATION_LEVEL = 0;
				GCC_PREPROCESSOR_DEFINITIONS = (
					"DEBUG=1",
					"$(inherited)",
				);
				GCC_WARN_64_TO_32_BIT_CONVERSION = YES;
				GCC_WARN_ABOUT_RETURN_TYPE = YES_ERROR;
				GCC_WARN_UNDECLARED_SELECTOR = YES;
				GCC_WARN_UNINITIALIZED_AUTOS = YES_AGGRESSIVE;
				GCC_WARN_UNUSED_FUNCTION = YES;
				GCC_WARN_UNUSED_VARIABLE = YES;
				IPHONEOS_DEPLOYMENT_TARGET = 9.2;
				MTL_ENABLE_DEBUG_INFO = YES;
				ONLY_ACTIVE_ARCH = YES;
				SDKROOT = iphoneos;
			};
			name = Debug;
		};
		1AF3AC8F1D2A5945003289C2 /* Release */ = {
			isa = XCBuildConfiguration;
			buildSettings = {
				ALWAYS_SEARCH_USER_PATHS = NO;
				CLANG_CXX_LANGUAGE_STANDARD = "gnu++0x";
				CLANG_CXX_LIBRARY = "libc++";
				CLANG_ENABLE_MODULES = YES;
				CLANG_ENABLE_OBJC_ARC = YES;
				CLANG_WARN_BOOL_CONVERSION = YES;
				CLANG_WARN_CONSTANT_CONVERSION = YES;
				CLANG_WARN_DIRECT_OBJC_ISA_USAGE = YES_ERROR;
				CLANG_WARN_EMPTY_BODY = YES;
				CLANG_WARN_ENUM_CONVERSION = YES;
				CLANG_WARN_INT_CONVERSION = YES;
				CLANG_WARN_OBJC_ROOT_CLASS = YES_ERROR;
				CLANG_WARN_UNREACHABLE_CODE = YES;
				CLANG_WARN__DUPLICATE_METHOD_MATCH = YES;
				"CODE_SIGN_IDENTITY[sdk=iphoneos*]" = "iPhone Developer";
				COPY_PHASE_STRIP = NO;
				DEBUG_INFORMATION_FORMAT = "dwarf-with-dsym";
				ENABLE_NS_ASSERTIONS = NO;
				ENABLE_STRICT_OBJC_MSGSEND = YES;
				GCC_C_LANGUAGE_STANDARD = gnu99;
				GCC_NO_COMMON_BLOCKS = YES;
				GCC_WARN_64_TO_32_BIT_CONVERSION = YES;
				GCC_WARN_ABOUT_RETURN_TYPE = YES_ERROR;
				GCC_WARN_UNDECLARED_SELECTOR = YES;
				GCC_WARN_UNINITIALIZED_AUTOS = YES_AGGRESSIVE;
				GCC_WARN_UNUSED_FUNCTION = YES;
				GCC_WARN_UNUSED_VARIABLE = YES;
				IPHONEOS_DEPLOYMENT_TARGET = 9.2;
				MTL_ENABLE_DEBUG_INFO = NO;
				SDKROOT = iphoneos;
				VALIDATE_PRODUCT = YES;
			};
			name = Release;
		};
		1AF3AC911D2A5945003289C2 /* Debug */ = {
			isa = XCBuildConfiguration;
			buildSettings = {
				ASSETCATALOG_COMPILER_APPICON_NAME = AppIcon;
				INFOPLIST_FILE = QiuWeiProject/Info.plist;
				LD_RUNPATH_SEARCH_PATHS = "$(inherited) @executable_path/Frameworks";
				PRODUCT_BUNDLE_IDENTIFIER = com.apple.QiuWeiProject;
				PRODUCT_NAME = "$(TARGET_NAME)";
			};
			name = Debug;
		};
		1AF3AC921D2A5945003289C2 /* Release */ = {
			isa = XCBuildConfiguration;
			buildSettings = {
				ASSETCATALOG_COMPILER_APPICON_NAME = AppIcon;
				INFOPLIST_FILE = QiuWeiProject/Info.plist;
				LD_RUNPATH_SEARCH_PATHS = "$(inherited) @executable_path/Frameworks";
				PRODUCT_BUNDLE_IDENTIFIER = com.apple.QiuWeiProject;
				PRODUCT_NAME = "$(TARGET_NAME)";
			};
			name = Release;
		};
		1AF3AC941D2A5945003289C2 /* Debug */ = {
			isa = XCBuildConfiguration;
			buildSettings = {
				BUNDLE_LOADER = "$(TEST_HOST)";
				INFOPLIST_FILE = QiuWeiProjectTests/Info.plist;
				LD_RUNPATH_SEARCH_PATHS = "$(inherited) @executable_path/Frameworks @loader_path/Frameworks";
				PRODUCT_BUNDLE_IDENTIFIER = com.apple.QiuWeiProjectTests;
				PRODUCT_NAME = "$(TARGET_NAME)";
				TEST_HOST = "$(BUILT_PRODUCTS_DIR)/QiuWeiProject.app/QiuWeiProject";
			};
			name = Debug;
		};
		1AF3AC951D2A5945003289C2 /* Release */ = {
			isa = XCBuildConfiguration;
			buildSettings = {
				BUNDLE_LOADER = "$(TEST_HOST)";
				INFOPLIST_FILE = QiuWeiProjectTests/Info.plist;
				LD_RUNPATH_SEARCH_PATHS = "$(inherited) @executable_path/Frameworks @loader_path/Frameworks";
				PRODUCT_BUNDLE_IDENTIFIER = com.apple.QiuWeiProjectTests;
				PRODUCT_NAME = "$(TARGET_NAME)";
				TEST_HOST = "$(BUILT_PRODUCTS_DIR)/QiuWeiProject.app/QiuWeiProject";
			};
			name = Release;
		};
		1AF3AC971D2A5945003289C2 /* Debug */ = {
			isa = XCBuildConfiguration;
			buildSettings = {
				INFOPLIST_FILE = QiuWeiProjectUITests/Info.plist;
				LD_RUNPATH_SEARCH_PATHS = "$(inherited) @executable_path/Frameworks @loader_path/Frameworks";
				PRODUCT_BUNDLE_IDENTIFIER = com.apple.QiuWeiProjectUITests;
				PRODUCT_NAME = "$(TARGET_NAME)";
				TEST_TARGET_NAME = QiuWeiProject;
				USES_XCTRUNNER = YES;
			};
			name = Debug;
		};
		1AF3AC981D2A5945003289C2 /* Release */ = {
			isa = XCBuildConfiguration;
			buildSettings = {
				INFOPLIST_FILE = QiuWeiProjectUITests/Info.plist;
				LD_RUNPATH_SEARCH_PATHS = "$(inherited) @executable_path/Frameworks @loader_path/Frameworks";
				PRODUCT_BUNDLE_IDENTIFIER = com.apple.QiuWeiProjectUITests;
				PRODUCT_NAME = "$(TARGET_NAME)";
				TEST_TARGET_NAME = QiuWeiProject;
				USES_XCTRUNNER = YES;
			};
			name = Release;
		};
/* End XCBuildConfiguration section */

/* Begin XCConfigurationList section */
		1AF3AC5E1D2A5945003289C2 /* Build configuration list for PBXProject "QiuWeiProject" */ = {
			isa = XCConfigurationList;
			buildConfigurations = (
				1AF3AC8E1D2A5945003289C2 /* Debug */,
				1AF3AC8F1D2A5945003289C2 /* Release */,
			);
			defaultConfigurationIsVisible = 0;
			defaultConfigurationName = Release;
		};
		1AF3AC901D2A5945003289C2 /* Build configuration list for PBXNativeTarget "QiuWeiProject" */ = {
			isa = XCConfigurationList;
			buildConfigurations = (
				1AF3AC911D2A5945003289C2 /* Debug */,
				1AF3AC921D2A5945003289C2 /* Release */,
			);
			defaultConfigurationIsVisible = 0;
		};
		1AF3AC931D2A5945003289C2 /* Build configuration list for PBXNativeTarget "QiuWeiProjectTests" */ = {
			isa = XCConfigurationList;
			buildConfigurations = (
				1AF3AC941D2A5945003289C2 /* Debug */,
				1AF3AC951D2A5945003289C2 /* Release */,
			);
			defaultConfigurationIsVisible = 0;
		};
		1AF3AC961D2A5945003289C2 /* Build configuration list for PBXNativeTarget "QiuWeiProjectUITests" */ = {
			isa = XCConfigurationList;
			buildConfigurations = (
				1AF3AC971D2A5945003289C2 /* Debug */,
				1AF3AC981D2A5945003289C2 /* Release */,
			);
			defaultConfigurationIsVisible = 0;
		};
/* End XCConfigurationList section */
	};
	rootObject = 1AF3AC5B1D2A5945003289C2 /* Project object */;
}
